<?xml version="1.0" encoding="utf-8"?>
<Project ToolsVersion="4.0" xmlns="http://schemas.microsoft.com/developer/msbuild/2003">
  <ItemGroup>
    <FxCompile Include="Shaders\Alpha_ps.hlsl" />
    <FxCompile Include="Shaders\CommonBuffers.hlsl" />
    <FxCompile Include="Shaders\Default_ps.hlsl" />
    <FxCompile Include="Shaders\Default_vs.hlsl" />
    <FxCompile Include="Shaders\Grass_ds.hlsl" />
    <FxCompile Include="Shaders\Grass_gs.hlsl" />
    <FxCompile Include="Shaders\Grass_hs.hlsl" />
    <FxCompile Include="Shaders\Grass_ps.hlsl" />
    <FxCompile Include="Shaders\Grass_vs.hlsl" />
    <FxCompile Include="Shaders\Instance_vs.hlsl" />
    <FxCompile Include="Shaders\IO.hlsl" />
    <FxCompile Include="Shaders\PhongShading.hlsl" />
    <FxCompile Include="Shaders\Skeleton_vs.hlsl" />
    <FxCompile Include="Shaders\PSBlendModes.hlsl" />
    <FxCompile Include="Shaders\Sky_ps.hlsl" />
    <FxCompile Include="Shaders\Sky_vs.hlsl" />
    <FxCompile Include="Shaders\Terrain_ps.hlsl" />
    <FxCompile Include="Shaders\Terrain_vs.hlsl" />
    <FxCompile Include="Shaders\TestPass.hlsl" />
    <FxCompile Include="Shaders\TestPass2.hlsl" />
    <FxCompile Include="Shaders\ScreenQuad_ps.hlsl" />
    <FxCompile Include="Shaders\ScreenQuad_vs.hlsl" />
  </ItemGroup>
  <ItemGroup>
    <ClCompile Include="BoundingBoxes.cpp">
      <Filter>Source Files</Filter>
    </ClCompile>
    <ClCompile Include="CameraComponent.cpp">
      <Filter>Source Files</Filter>
    </ClCompile>
    <ClCompile Include="Chunk.cpp">
      <Filter>Source Files</Filter>
    </ClCompile>
    <ClCompile Include="ControllerComponent.cpp">
      <Filter>Source Files</Filter>
    </ClCompile>
    <ClCompile Include="DXHelper.cpp">
      <Filter>Source Files</Filter>
    </ClCompile>
    <ClCompile Include="Engine.cpp">
      <Filter>Source Files</Filter>
    </ClCompile>
    <ClCompile Include="GameClock.cpp">
      <Filter>Source Files</Filter>
    </ClCompile>
    <ClCompile Include="GUIManager.cpp">
      <Filter>Source Files</Filter>
    </ClCompile>
    <ClCompile Include="Input.cpp">
      <Filter>Source Files</Filter>
    </ClCompile>
    <ClCompile Include="main.cpp">
      <Filter>Source Files</Filter>
    </ClCompile>
    <ClCompile Include="Material.cpp">
      <Filter>Source Files</Filter>
    </ClCompile>
    <ClCompile Include="MeshComponent.cpp">
      <Filter>Source Files</Filter>
    </ClCompile>
    <ClCompile Include="MoveComponent.cpp">
      <Filter>Source Files</Filter>
    </ClCompile>
    <ClCompile Include="Object.cpp">
      <Filter>Source Files</Filter>
    </ClCompile>
    <ClCompile Include="Renderer.cpp">
      <Filter>Source Files</Filter>
    </ClCompile>
    <ClCompile Include="Scene.cpp">
      <Filter>Source Files</Filter>
    </ClCompile>
    <ClCompile Include="Shader.cpp">
      <Filter>Source Files</Filter>
    </ClCompile>
    <ClCompile Include="ThirdParty\SimplexNoise.cpp">
      <Filter>Source Files</Filter>
    </ClCompile>
    <ClCompile Include="SkeletonAni.cpp">
      <Filter>Source Files</Filter>
    </ClCompile>
    <ClCompile Include="SkeletonMeshComponent.cpp">
      <Filter>Source Files</Filter>
    </ClCompile>
    <ClCompile Include="Texture.cpp">
      <Filter>Source Files</Filter>
    </ClCompile>
    <ClCompile Include="Skybox.cpp">
      <Filter>Source Files</Filter>
    </ClCompile>
    <ClCompile Include="Transform.cpp">
      <Filter>Source Files</Filter>
    </ClCompile>
    <ClCompile Include="Window.cpp">
      <Filter>Source Files</Filter>
    </ClCompile>
    <ClCompile Include="WorldGenerator.cpp">
      <Filter>Source Files</Filter>
    </ClCompile>
    <ClCompile Include="InstancedMeshComponent.cpp">
      <Filter>Source Files</Filter>
    </ClCompile>
    <ClCompile Include="NodeWalkerComponent.cpp">
      <Filter>Source Files</Filter>
    </ClCompile>
    <ClCompile Include="DShape.cpp">
      <Filter>Header Files</Filter>
    </ClCompile>
    <ClCompile Include="AIIdle.cpp">
      <Filter>Source Files</Filter>
    </ClCompile>
    <ClCompile Include="AIMove.cpp">
      <Filter>Source Files</Filter>
    </ClCompile>
    <ClCompile Include="StateMachineComponent.cpp">
      <Filter>Source Files</Filter>
    </ClCompile>
    <ClCompile Include="StatsComponent.cpp">
      <Filter>Source Files</Filter>
    </ClCompile>
    <ClCompile Include="AIAttack.cpp">
      <Filter>Source Files</Filter>
    </ClCompile>
  </ItemGroup>
  <ItemGroup>
    <ClInclude Include="BoundingBoxes.h">
      <Filter>Header Files</Filter>
    </ClInclude>
    <ClInclude Include="Buffers.h">
      <Filter>Header Files</Filter>
    </ClInclude>
    <ClInclude Include="BusNode.h">
      <Filter>Header Files</Filter>
    </ClInclude>
    <ClInclude Include="CameraComponent.h">
      <Filter>Header Files</Filter>
    </ClInclude>
    <ClInclude Include="Chunk.h">
      <Filter>Header Files</Filter>
    </ClInclude>
    <ClInclude Include="Component.h">
      <Filter>Header Files</Filter>
    </ClInclude>
    <ClInclude Include="ControllerComponent.h">
      <Filter>Header Files</Filter>
    </ClInclude>
    <ClInclude Include="Engine.h">
      <Filter>Header Files</Filter>
    </ClInclude>
    <ClInclude Include="GameClock.h">
      <Filter>Header Files</Filter>
    </ClInclude>
    <ClInclude Include="GUIManager.h">
      <Filter>Header Files</Filter>
    </ClInclude>
    <ClInclude Include="Input.h">
      <Filter>Header Files</Filter>
    </ClInclude>
    <ClInclude Include="Log.h">
      <Filter>Header Files</Filter>
    </ClInclude>
    <ClInclude Include="Material.h">
      <Filter>Header Files</Filter>
    </ClInclude>
    <ClInclude Include="Math.h">
      <Filter>Header Files</Filter>
    </ClInclude>
    <ClInclude Include="Mesh.h">
      <Filter>Header Files</Filter>
    </ClInclude>
    <ClInclude Include="MeshComponent.h">
      <Filter>Header Files</Filter>
    </ClInclude>
    <ClInclude Include="Message.h">
      <Filter>Header Files</Filter>
    </ClInclude>
    <ClInclude Include="MessageBus.h">
      <Filter>Header Files</Filter>
    </ClInclude>
    <ClInclude Include="MoveComponent.h">
      <Filter>Header Files</Filter>
    </ClInclude>
    <ClInclude Include="Noise.h">
      <Filter>Header Files</Filter>
    </ClInclude>
    <ClInclude Include="Object.h">
      <Filter>Header Files</Filter>
    </ClInclude>
    <ClInclude Include="Renderer.h">
      <Filter>Header Files</Filter>
    </ClInclude>
    <ClInclude Include="RenderPass.h">
      <Filter>Header Files</Filter>
    </ClInclude>
    <ClInclude Include="SaveState.h">
      <Filter>Header Files</Filter>
    </ClInclude>
    <ClInclude Include="Scene.h">
      <Filter>Header Files</Filter>
    </ClInclude>
    <ClInclude Include="Shader.h">
      <Filter>Header Files</Filter>
    </ClInclude>
    <ClInclude Include="ShittyOBJLoader.h">
      <Filter>Header Files</Filter>
    </ClInclude>
    <ClInclude Include="ThirdParty\SimplexNoise.h">
      <Filter>Header Files</Filter>
    </ClInclude>
    <ClInclude Include="SkeletonAni.h">
      <Filter>Header Files</Filter>
    </ClInclude>
    <ClInclude Include="SkeletonMeshComponent.h">
      <Filter>Header Files</Filter>
    </ClInclude>
    <ClInclude Include="Skybox.h">
      <Filter>Header Files</Filter>
    </ClInclude>
    <ClInclude Include="Texture.h">
      <Filter>Header Files</Filter>
    </ClInclude>
    <ClInclude Include="Transform.h">
      <Filter>Header Files</Filter>
    </ClInclude>
    <ClInclude Include="Window.h">
      <Filter>Header Files</Filter>
    </ClInclude>
    <ClInclude Include="WorldGenerator.h">
      <Filter>Header Files</Filter>
    </ClInclude>
    <ClInclude Include="ZWEBLoader.h">
      <Filter>Header Files</Filter>
    </ClInclude>
    <ClInclude Include="InstancedMeshComponent.h">
      <Filter>Header Files</Filter>
    </ClInclude>
    <ClInclude Include="NodeWalkerComponent.h">
      <Filter>Header Files</Filter>
    </ClInclude>
    <ClInclude Include="Shapes.h">
      <Filter>Header Files</Filter>
    </ClInclude>
    <ClInclude Include="DXHelper.h">
      <Filter>Header Files</Filter>
    </ClInclude>
    <ClInclude Include="DShape.h">
      <Filter>Header Files</Filter>
    </ClInclude>
    <ClInclude Include="StatsComponent.h">
      <Filter>Header Files</Filter>
    </ClInclude>
    <ClInclude Include="StateMachineComponent.h">
      <Filter>Header Files</Filter>
    </ClInclude>
    <ClInclude Include="AIMove.h">
      <Filter>Header Files</Filter>
    </ClInclude>
    <ClInclude Include="AIIdle.h">
      <Filter>Header Files</Filter>
    </ClInclude>
    <ClInclude Include="AIAttack.h">
      <Filter>Header Files</Filter>
    </ClInclude>
    </ItemGroup>
  <ItemGroup>
    <ClCompile Include="BoundingBoxes.cpp" />
    <ClCompile Include="BoxColliderComponent.cpp" />
    <ClCompile Include="CameraComponent.cpp" />
    <ClCompile Include="CapsuleColliderComponent.cpp" />
    <ClCompile Include="Chunk.cpp" />
    <ClCompile Include="Collider.cpp" />
    <ClCompile Include="ControllerComponent.cpp" />
    <ClCompile Include="DXHelper.cpp" />
    <ClCompile Include="DShape.cpp" />
    <ClCompile Include="Engine.cpp" />
    <ClCompile Include="GameClock.cpp" />
    <ClCompile Include="GrassComponent.cpp" />
    <ClCompile Include="GUIManager.cpp" />
    <ClCompile Include="GUISprite.cpp" />
    <ClCompile Include="Input.cpp" />
    <ClCompile Include="LightManager.cpp" />
    <ClCompile Include="InstancedMeshComponent.cpp" />
    <ClCompile Include="main.cpp" />
    <ClCompile Include="Material.cpp" />
    <ClCompile Include="MeshComponent.cpp" />
    <ClCompile Include="MoveComponent.cpp" />
    <ClCompile Include="NodeWalkerComponent.cpp" />
    <ClCompile Include="Object.cpp" />
    <ClCompile Include="Physics.cpp" />
    <ClCompile Include="Path.cpp" />
    <ClCompile Include="PossionDiscSampler.cpp" />
    <ClCompile Include="PointLightComponent.cpp" />
    <ClCompile Include="Renderer.cpp" />
    <ClCompile Include="RigidBodyComponent.cpp" />
    <ClCompile Include="ResourceManager.cpp" />
    <ClCompile Include="Scene.cpp" />
    <ClCompile Include="Shader.cpp" />
    <ClCompile Include="GUIFont.cpp" />
    <ClCompile Include="Skybox.cpp" />
    <ClCompile Include="SphereColliderComponent.cpp" />
    <ClCompile Include="Texture.cpp" />
    <ClCompile Include="SkeletonAni.cpp" />
    <ClCompile Include="SkeletonMeshComponent.cpp" />
    <ClCompile Include="ThirdParty\SimplexNoise.cpp" />
    <ClCompile Include="Transform.cpp" />
    <ClCompile Include="Window.cpp" />
    <ClCompile Include="WorldGenerator.cpp" />
  </ItemGroup>
  <ItemGroup>
    <ClInclude Include="BoundingBoxes.h" />
    <ClInclude Include="BoxColliderComponent.h" />
    <ClInclude Include="Buffers.h" />
    <ClInclude Include="BusNode.h" />
    <ClInclude Include="CameraComponent.h" />
    <ClInclude Include="CapsuleColliderComponent.h" />
    <ClInclude Include="Chunk.h" />
    <ClInclude Include="Collider.h" />
    <ClInclude Include="CollisionInfo.h" />
    <ClInclude Include="ControllerComponent.h" />
    <ClInclude Include="DebugBoxShapeComponent.h" />
    <ClInclude Include="DShape.h" />
    <ClInclude Include="Path.h" />
    <ClInclude Include="PhysicCallbacks.h" />
    <ClInclude Include="PossionDiscSampler.h" />
    <ClInclude Include="ResourceManager.h" />
    <ClInclude Include="Shapes.h" />
    <ClInclude Include="GameClock.h" />
    <ClInclude Include="GrassComponent.h" />
    <ClInclude Include="GUIFont.h" />
    <ClInclude Include="GUIManager.h" />
    <ClInclude Include="LightManager.h" />
    <ClInclude Include="GUISprite.h" />
    <ClInclude Include="InstancedMeshComponent.h" />
    <ClInclude Include="Math.h" />
    <ClInclude Include="MoveComponent.h" />
    <ClInclude Include="Component.h" />
    <ClInclude Include="DXHelper.h" />
    <ClInclude Include="Engine.h" />
    <ClInclude Include="Input.h" />
    <ClInclude Include="Log.h" />
    <ClInclude Include="Material.h" />
    <ClInclude Include="Mesh.h" />
    <ClInclude Include="MeshComponent.h" />
    <ClInclude Include="Message.h" />
    <ClInclude Include="MessageBus.h" />
    <ClInclude Include="NodeWalkerComponent.h" />
    <ClInclude Include="Noise.h" />
    <ClInclude Include="Object.h" />
    <ClInclude Include="Physics.h" />
    <ClInclude Include="Ray.h" />
    <ClInclude Include="PointLightComponent.h" />
    <ClInclude Include="Renderer.h" />
    <ClInclude Include="RenderPass.h" />
    <ClInclude Include="RigidBodyComponent.h" />
    <ClInclude Include="SaveState.h" />
    <ClInclude Include="Scene.h" />
    <ClInclude Include="Shader.h" />
    <ClInclude Include="ShittyOBJLoader.h" />
    <ClInclude Include="Skybox.h" />
    <ClInclude Include="SphereColliderComponent.h" />
    <ClInclude Include="Texture.h" />
    <ClInclude Include="SkeletonAni.h" />
    <ClInclude Include="SkeletonMeshComponent.h" />
    <ClInclude Include="ThirdParty\SimplexNoise.h" />
    <ClInclude Include="Transform.h" />
    <ClInclude Include="Window.h" />
    <ClInclude Include="WorldGenerator.h" />
    <ClInclude Include="ZWEBLoader.h" />
  </ItemGroup>
  <ItemGroup>
    <None Include="packages.config" />
  </ItemGroup>
</Project>